
Microsoft Visual Studio Solution File, Format Version 12.00
# Visual Studio Version 16
VisualStudioVersion = 16.0.30907.101
MinimumVisualStudioVersion = 10.0.40219.1
Project("{8BC9CEB8-8B4A-11D0-8D11-00A0C91BC942}") = "CO2402_AlexBatty_Monopolish", "CO2402_AlexBatty_Monopolish\CO2402_AlexBatty_Monopolish.vcxproj", "{07F7A5D6-65AB-4C04-90D4-B1F7E883DCB3}"
EndProject
Global
	GlobalSection(SolutionConfigurationPlatforms) = preSolution
		Debug|x64 = Debug|x64
		Debug|x86 = Debug|x86
		Release|x64 = Release|x64
		Release|x86 = Release|x86
	EndGlobalSection
	GlobalSection(ProjectConfigurationPlatforms) = postSolution
		{07F7A5D6-65AB-4C04-90D4-B1F7E883DCB3}.Debug|x64.ActiveCfg = Debug|x64
		{07F7A5D6-65AB-4C04-90D4-B1F7E883DCB3}.Debug|x64.Build.0 = Debug|x64
		{07F7A5D6-65AB-4C04-90D4-B1F7E883DCB3}.Debug|x86.ActiveCfg = Debug|Win32
		{07F7A5D6-65AB-4C04-90D4-B1F7E883DCB3}.Debug|x86.Build.0 = Debug|Win32
		{07F7A5D6-65AB-4C04-90D4-B1F7E883DCB3}.Release|x64.ActiveCfg = Release|x64
		{07F7A5D6-65AB-4C04-90D4-B1F7E883DCB3}.Release|x64.Build.0 = Release|x64
		{07F7A5D6-65AB-4C04-90D4-B1F7E883DCB3}.Release|x86.ActiveCfg = Release|Win32
		{07F7A5D6-65AB-4C04-90D4-B1F7E883DCB3}.Release|x86.Build.0 = Release|Win32
	EndGlobalSection
	GlobalSection(SolutionProperties) = preSolution
		HideSolutionNode = FALSE
	EndGlobalSection
	GlobalSection(ExtensibilityGlobals) = postSolution
		SolutionGuid = {97BD8A8F-6F6B-4907-885E-F3176C48D0CF}
	EndGlobalSection
EndGlobal
